// !$*UTF8*$!
{
	archiveVersion = 1;
	classes = {
	};
	objectVersion = 55;
	objects = {

/* Begin PBXBuildFile section */
		DD3EED5A292644EB00FB45FA /* main.cpp in Sources */ = {isa = PBXBuildFile; fileRef = DD3EED57292644EB00FB45FA /* main.cpp */; };
		DD3EED5B292644EB00FB45FA /* CPersonnage.cpp in Sources */ = {isa = PBXBuildFile; fileRef = DD3EED58292644EB00FB45FA /* CPersonnage.cpp */; };
		DD3EED5C292644EB00FB45FA /* CArme.cpp in Sources */ = {isa = PBXBuildFile; fileRef = DD3EED59292644EB00FB45FA /* CArme.cpp */; };
		DD3EED612926701000FB45FA /* CGuerrier.cpp in Sources */ = {isa = PBXBuildFile; fileRef = DD3EED602926701000FB45FA /* CGuerrier.cpp */; };
		DD3EED662926908F00FB45FA /* CMagicien.cpp in Sources */ = {isa = PBXBuildFile; fileRef = DD3EED652926908F00FB45FA /* CMagicien.cpp */; };
/* End PBXBuildFile section */

/* Begin PBXCopyFilesBuildPhase section */
		DD3EED352923B2EF00FB45FA /* CopyFiles */ = {
			isa = PBXCopyFilesBuildPhase;
			buildActionMask = 2147483647;
			dstPath = /usr/share/man/man1/;
			dstSubfolderSpec = 0;
			files = (
			);
			runOnlyForDeploymentPostprocessing = 1;
		};
/* End PBXCopyFilesBuildPhase section */

/* Begin PBXFileReference section */
		DD3EED372923B2EF00FB45FA /* VisionTest */ = {isa = PBXFileReference; explicitFileType = "compiled.mach-o.executable"; includeInIndex = 0; path = VisionTest; sourceTree = BUILT_PRODUCTS_DIR; };
		DD3EED462923F84900FB45FA /* CPersonnage.h */ = {isa = PBXFileReference; lastKnownFileType = sourcecode.c.h; path = CPersonnage.h; sourceTree = "<group>"; };
		DD3EED4A2925027600FB45FA /* CArme.h */ = {isa = PBXFileReference; lastKnownFileType = sourcecode.c.h; path = CArme.h; sourceTree = "<group>"; };
		DD3EED57292644EB00FB45FA /* main.cpp */ = {isa = PBXFileReference; fileEncoding = 4; lastKnownFileType = sourcecode.cpp.cpp; path = main.cpp; sourceTree = "<group>"; };
		DD3EED58292644EB00FB45FA /* CPersonnage.cpp */ = {isa = PBXFileReference; fileEncoding = 4; lastKnownFileType = sourcecode.cpp.cpp; path = CPersonnage.cpp; sourceTree = "<group>"; };
		DD3EED59292644EB00FB45FA /* CArme.cpp */ = {isa = PBXFileReference; fileEncoding = 4; lastKnownFileType = sourcecode.cpp.cpp; path = CArme.cpp; sourceTree = "<group>"; };
		DD3EED5E2926700500FB45FA /* CGuerrier.h */ = {isa = PBXFileReference; lastKnownFileType = sourcecode.c.h; path = CGuerrier.h; sourceTree = "<group>"; };
		DD3EED602926701000FB45FA /* CGuerrier.cpp */ = {isa = PBXFileReference; lastKnownFileType = sourcecode.cpp.cpp; path = CGuerrier.cpp; sourceTree = "<group>"; };
		DD3EED632926908900FB45FA /* CMagicien.h */ = {isa = PBXFileReference; lastKnownFileType = sourcecode.c.h; path = CMagicien.h; sourceTree = "<group>"; };
		DD3EED652926908F00FB45FA /* CMagicien.cpp */ = {isa = PBXFileReference; lastKnownFileType = sourcecode.cpp.cpp; path = CMagicien.cpp; sourceTree = "<group>"; };
/* End PBXFileReference section */

/* Begin PBXFrameworksBuildPhase section */
		DD3EED342923B2EF00FB45FA /* Frameworks */ = {
			isa = PBXFrameworksBuildPhase;
			buildActionMask = 2147483647;
			files = (
			);
			runOnlyForDeploymentPostprocessing = 0;
		};
/* End PBXFrameworksBuildPhase section */

/* Begin PBXGroup section */
		DD3EED2E2923B2EF00FB45FA = {
			isa = PBXGroup;
			children = (
				DD3EED632926908900FB45FA /* CMagicien.h */,
				DD3EED5E2926700500FB45FA /* CGuerrier.h */,
				DD3EED4A2925027600FB45FA /* CArme.h */,
				DD3EED462923F84900FB45FA /* CPersonnage.h */,
				DD3EED392923B2EF00FB45FA /* VisionTest */,
				DD3EED382923B2EF00FB45FA /* Products */,
			);
			sourceTree = "<group>";
		};
		DD3EED382923B2EF00FB45FA /* Products */ = {
			isa = PBXGroup;
			children = (
				DD3EED372923B2EF00FB45FA /* VisionTest */,
			);
			name = Products;
			sourceTree = "<group>";
		};
		DD3EED392923B2EF00FB45FA /* VisionTest */ = {
			isa = PBXGroup;
			children = (
				DD3EED59292644EB00FB45FA /* CArme.cpp */,
				DD3EED58292644EB00FB45FA /* CPersonnage.cpp */,
				DD3EED57292644EB00FB45FA /* main.cpp */,
				DD3EED602926701000FB45FA /* CGuerrier.cpp */,
				DD3EED652926908F00FB45FA /* CMagicien.cpp */,
			);
			path = VisionTest;
			sourceTree = "<group>";
		};
/* End PBXGroup section */

/* Begin PBXNativeTarget section */
		DD3EED362923B2EF00FB45FA /* VisionTest */ = {
			isa = PBXNativeTarget;
			buildConfigurationList = DD3EED3E2923B2EF00FB45FA /* Build configuration list for PBXNativeTarget "VisionTest" */;
			buildPhases = (
				DD3EED332923B2EF00FB45FA /* Sources */,
				DD3EED342923B2EF00FB45FA /* Frameworks */,
				DD3EED352923B2EF00FB45FA /* CopyFiles */,
			);
			buildRules = (
			);
			dependencies = (
			);
			name = VisionTest;
			productName = VisionTest;
			productReference = DD3EED372923B2EF00FB45FA /* VisionTest */;
			productType = "com.apple.product-type.tool";
		};
/* End PBXNativeTarget section */

/* Begin PBXProject section */
		DD3EED2F2923B2EF00FB45FA /* Project object */ = {
			isa = PBXProject;
			attributes = {
				BuildIndependentTargetsInParallel = 1;
				LastUpgradeCheck = 1310;
				TargetAttributes = {
					DD3EED362923B2EF00FB45FA = {
						CreatedOnToolsVersion = 13.1;
					};
				};
			};
			buildConfigurationList = DD3EED322923B2EF00FB45FA /* Build configuration list for PBXProject "VisionTest" */;
			compatibilityVersion = "Xcode 13.0";
			developmentRegion = en;
			hasScannedForEncodings = 0;
			knownRegions = (
				en,
				Base,
			);
			mainGroup = DD3EED2E2923B2EF00FB45FA;
			productRefGroup = DD3EED382923B2EF00FB45FA /* Products */;
			projectDirPath = "";
			projectRoot = "";
			targets = (
				DD3EED362923B2EF00FB45FA /* VisionTest */,
			);
		};
/* End PBXProject section */

/* Begin PBXSourcesBuildPhase section */
		DD3EED332923B2EF00FB45FA /* Sources */ = {
			isa = PBXSourcesBuildPhase;
			buildActionMask = 2147483647;
			files = (
				DD3EED662926908F00FB45FA /* CMagicien.cpp in Sources */,
				DD3EED5C292644EB00FB45FA /* CArme.cpp in Sources */,
				DD3EED5A292644EB00FB45FA /* main.cpp in Sources */,
				DD3EED612926701000FB45FA /* CGuerrier.cpp in Sources */,
				DD3EED5B292644EB00FB45FA /* CPersonnage.cpp in Sources */,
			);
			runOnlyForDeploymentPostprocessing = 0;
		};
/* End PBXSourcesBuildPhase section */

/* Begin XCBuildConfiguration section */
		DD3EED3C2923B2EF00FB45FA /* Debug */ = {
			isa = XCBuildConfiguration;
			buildSettings = {
				ALWAYS_SEARCH_USER_PATHS = NO;
				CLANG_ANALYZER_NONNULL = YES;
				CLANG_ANALYZER_NUMBER_OBJECT_CONVERSION = YES_AGGRESSIVE;
				CLANG_CXX_LANGUAGE_STANDARD = "gnu++17";
				CLANG_CXX_LIBRARY = "libc++";
				CLANG_ENABLE_MODULES = YES;
				CLANG_ENABLE_OBJC_ARC = YES;
				CLANG_ENABLE_OBJC_WEAK = YES;
				CLANG_WARN_BLOCK_CAPTURE_AUTORELEASING = YES;
				CLANG_WARN_BOOL_CONVERSION = YES;
				CLANG_WARN_COMMA = YES;
				CLANG_WARN_CONSTANT_CONVERSION = YES;
				CLANG_WARN_DEPRECATED_OBJC_IMPLEMENTATIONS = YES;
				CLANG_WARN_DIRECT_OBJC_ISA_USAGE = YES_ERROR;
				CLANG_WARN_DOCUMENTATION_COMMENTS = YES;
				CLANG_WARN_EMPTY_BODY = YES;
				CLANG_WARN_ENUM_CONVERSION = YES;
				CLANG_WARN_INFINITE_RECURSION = YES;
				CLANG_WARN_INT_CONVERSION = YES;
				CLANG_WARN_NON_LITERAL_NULL_CONVERSION = YES;
				CLANG_WARN_OBJC_IMPLICIT_RETAIN_SELF = YES;
				CLANG_WARN_OBJC_LITERAL_CONVERSION = YES;
				CLANG_WARN_OBJC_ROOT_CLASS = YES_ERROR;
				CLANG_WARN_QUOTED_INCLUDE_IN_FRAMEWORK_HEADER = YES;
				CLANG_WARN_RANGE_LOOP_ANALYSIS = YES;
				CLANG_WARN_STRICT_PROTOTYPES = YES;
				CLANG_WARN_SUSPICIOUS_MOVE = YES;
				CLANG_WARN_UNGUARDED_AVAILABILITY = YES_AGGRESSIVE;
				CLANG_WARN_UNREACHABLE_CODE = YES;
				CLANG_WARN__DUPLICATE_METHOD_MATCH = YES;
				COPY_PHASE_STRIP = NO;
				DEBUG_INFORMATION_FORMAT = dwarf;
				ENABLE_STRICT_OBJC_MSGSEND = YES;
				ENABLE_TESTABILITY = YES;
				GCC_C_LANGUAGE_STANDARD = gnu11;
				GCC_DYNAMIC_NO_PIC = NO;
				GCC_NO_COMMON_BLOCKS = YES;
				GCC_OPTIMIZATION_LEVEL = 0;
				GCC_PREPROCESSOR_DEFINITIONS = (
					"DEBUG=1",
					"$(inherited)",
				);
				GCC_WARN_64_TO_32_BIT_CONVERSION = YES;
				GCC_WARN_ABOUT_RETURN_TYPE = YES_ERROR;
				GCC_WARN_UNDECLARED_SELECTOR = YES;
				GCC_WARN_UNINITIALIZED_AUTOS = YES_AGGRESSIVE;
				GCC_WARN_UNUSED_FUNCTION = YES;
				GCC_WARN_UNUSED_VARIABLE = YES;
				MACOSX_DEPLOYMENT_TARGET = 12.0;
				MTL_ENABLE_DEBUG_INFO = INCLUDE_SOURCE;
				MTL_FAST_MATH = YES;
				ONLY_ACTIVE_ARCH = YES;
				SDKROOT = macosx;
			};
			name = Debug;
		};
		DD3EED3D2923B2EF00FB45FA /* Release */ = {
			isa = XCBuildConfiguration;
			buildSettings = {
				ALWAYS_SEARCH_USER_PATHS = NO;
				CLANG_ANALYZER_NONNULL = YES;
				CLANG_ANALYZER_NUMBER_OBJECT_CONVERSION = YES_AGGRESSIVE;
				CLANG_CXX_LANGUAGE_STANDARD = "gnu++17";
				CLANG_CXX_LIBRARY = "libc++";
				CLANG_ENABLE_MODULES = YES;
				CLANG_ENABLE_OBJC_ARC = YES;
				CLANG_ENABLE_OBJC_WEAK = YES;
				CLANG_WARN_BLOCK_CAPTURE_AUTORELEASING = YES;
				CLANG_WARN_BOOL_CONVERSION = YES;
				CLANG_WARN_COMMA = YES;
				CLANG_WARN_CONSTANT_CONVERSION = YES;
				CLANG_WARN_DEPRECATED_OBJC_IMPLEMENTATIONS = YES;
				CLANG_WARN_DIRECT_OBJC_ISA_USAGE = YES_ERROR;
				CLANG_WARN_DOCUMENTATION_COMMENTS = YES;
				CLANG_WARN_EMPTY_BODY = YES;
				CLANG_WARN_ENUM_CONVERSION = YES;
				CLANG_WARN_INFINITE_RECURSION = YES;
				CLANG_WARN_INT_CONVERSION = YES;
				CLANG_WARN_NON_LITERAL_NULL_CONVERSION = YES;
				CLANG_WARN_OBJC_IMPLICIT_RETAIN_SELF = YES;
				CLANG_WARN_OBJC_LITERAL_CONVERSION = YES;
				CLANG_WARN_OBJC_ROOT_CLASS = YES_ERROR;
				CLANG_WARN_QUOTED_INCLUDE_IN_FRAMEWORK_HEADER = YES;
				CLANG_WARN_RANGE_LOOP_ANALYSIS = YES;
				CLANG_WARN_STRICT_PROTOTYPES = YES;
				CLANG_WARN_SUSPICIOUS_MOVE = YES;
				CLANG_WARN_UNGUARDED_AVAILABILITY = YES_AGGRESSIVE;
				CLANG_WARN_UNREACHABLE_CODE = YES;
				CLANG_WARN__DUPLICATE_METHOD_MATCH = YES;
				COPY_PHASE_STRIP = NO;
				DEBUG_INFORMATION_FORMAT = "dwarf-with-dsym";
				ENABLE_NS_ASSERTIONS = NO;
				ENABLE_STRICT_OBJC_MSGSEND = YES;
				GCC_C_LANGUAGE_STANDARD = gnu11;
				GCC_NO_COMMON_BLOCKS = YES;
				GCC_WARN_64_TO_32_BIT_CONVERSION = YES;
				GCC_WARN_ABOUT_RETURN_TYPE = YES_ERROR;
				GCC_WARN_UNDECLARED_SELECTOR = YES;
				GCC_WARN_UNINITIALIZED_AUTOS = YES_AGGRESSIVE;
				GCC_WARN_UNUSED_FUNCTION = YES;
				GCC_WARN_UNUSED_VARIABLE = YES;
				MACOSX_DEPLOYMENT_TARGET = 12.0;
				MTL_ENABLE_DEBUG_INFO = NO;
				MTL_FAST_MATH = YES;
				SDKROOT = macosx;
			};
			name = Release;
		};
		DD3EED3F2923B2EF00FB45FA /* Debug */ = {
			isa = XCBuildConfiguration;
			buildSettings = {
				CODE_SIGN_STYLE = Automatic;
				PRODUCT_NAME = "$(TARGET_NAME)";
			};
			name = Debug;
		};
		DD3EED402923B2EF00FB45FA /* Release */ = {
			isa = XCBuildConfiguration;
			buildSettings = {
				CODE_SIGN_STYLE = Automatic;
				PRODUCT_NAME = "$(TARGET_NAME)";
			};
			name = Release;
		};
/* End XCBuildConfiguration section */

/* Begin XCConfigurationList section */
		DD3EED322923B2EF00FB45FA /* Build configuration list for PBXProject "VisionTest" */ = {
			isa = XCConfigurationList;
			buildConfigurations = (
				DD3EED3C2923B2EF00FB45FA /* Debug */,
				DD3EED3D2923B2EF00FB45FA /* Release */,
			);
			defaultConfigurationIsVisible = 0;
			defaultConfigurationName = Release;
		};
		DD3EED3E2923B2EF00FB45FA /* Build configuration list for PBXNativeTarget "VisionTest" */ = {
			isa = XCConfigurationList;
			buildConfigurations = (
				DD3EED3F2923B2EF00FB45FA /* Debug */,
				DD3EED402923B2EF00FB45FA /* Release */,
			);
			defaultConfigurationIsVisible = 0;
			defaultConfigurationName = Release;
		};
/* End XCConfigurationList section */
	};
	rootObject = DD3EED2F2923B2EF00FB45FA /* Project object */;
}
